
Microsoft Visual Studio Solution File, Format Version 11.00
# Visual Studio 2010
Project("{FAE04EC0-301F-11D3-BF4B-00C04F79EFBC}") = "EVEL.engine", "EVEL.engine\EVEL.engine.csproj", "{4A2CFBF0-5536-4AE6-863F-41BF060CFF10}"
	ProjectSection(ProjectDependencies) = postProject
		{A56DBC46-EE58-4CF7-AD26-193A46CBA4BB} = {A56DBC46-EE58-4CF7-AD26-193A46CBA4BB}
		{CF8A21AE-170A-4224-87AB-D61469EB6953} = {CF8A21AE-170A-4224-87AB-D61469EB6953}
	EndProjectSection
EndProject
Project("{FAE04EC0-301F-11D3-BF4B-00C04F79EFBC}") = "EVEL.interfaces", "EVEL.interfaces\EVEL.interfaces.csproj", "{CF8A21AE-170A-4224-87AB-D61469EB6953}"
	ProjectSection(ProjectDependencies) = postProject
		{A56DBC46-EE58-4CF7-AD26-193A46CBA4BB} = {A56DBC46-EE58-4CF7-AD26-193A46CBA4BB}
	EndProjectSection
EndProject
Project("{FAE04EC0-301F-11D3-BF4B-00C04F79EFBC}") = "EVEL.share", "EVEL.share\EVEL.share.csproj", "{A56DBC46-EE58-4CF7-AD26-193A46CBA4BB}"
EndProject
Project("{FAE04EC0-301F-11D3-BF4B-00C04F79EFBC}") = "EVEL.algorythms", "EVEL.minimalizations\EVEL.algorythms.csproj", "{2E18E297-7876-4BFB-84B1-E04C7B50F6AC}"
	ProjectSection(ProjectDependencies) = postProject
		{CF8A21AE-170A-4224-87AB-D61469EB6953} = {CF8A21AE-170A-4224-87AB-D61469EB6953}
	EndProjectSection
EndProject
Project("{FAE04EC0-301F-11D3-BF4B-00C04F79EFBC}") = "EVEL.lib.anihilation", "EVEL.lib\anihilation\EVEL.lib.anihilation.csproj", "{E4B84E99-6F84-4B29-893F-FA05674E572F}"
	ProjectSection(ProjectDependencies) = postProject
		{A56DBC46-EE58-4CF7-AD26-193A46CBA4BB} = {A56DBC46-EE58-4CF7-AD26-193A46CBA4BB}
		{2E18E297-7876-4BFB-84B1-E04C7B50F6AC} = {2E18E297-7876-4BFB-84B1-E04C7B50F6AC}
		{CF8A21AE-170A-4224-87AB-D61469EB6953} = {CF8A21AE-170A-4224-87AB-D61469EB6953}
		{4A2CFBF0-5536-4AE6-863F-41BF060CFF10} = {4A2CFBF0-5536-4AE6-863F-41BF060CFF10}
	EndProjectSection
EndProject
Project("{FAE04EC0-301F-11D3-BF4B-00C04F79EFBC}") = "EVEL.gui", "EVEL.gui\EVEL.gui.csproj", "{61F9B89F-BE01-4CE5-8AF0-1EC674E2FD4E}"
	ProjectSection(ProjectDependencies) = postProject
		{A56DBC46-EE58-4CF7-AD26-193A46CBA4BB} = {A56DBC46-EE58-4CF7-AD26-193A46CBA4BB}
		{25E24F7B-9018-4FE4-984A-908DBE3C1912} = {25E24F7B-9018-4FE4-984A-908DBE3C1912}
		{CF8A21AE-170A-4224-87AB-D61469EB6953} = {CF8A21AE-170A-4224-87AB-D61469EB6953}
	EndProjectSection
EndProject
Project("{FAE04EC0-301F-11D3-BF4B-00C04F79EFBC}") = "EVEL.gui.interfaces", "EVEL.gui.interfaces\EVEL.gui.interfaces.csproj", "{25E24F7B-9018-4FE4-984A-908DBE3C1912}"
EndProject
Project("{54435603-DBB4-11D2-8724-00A0C9A8B90C}") = "SetupLight", "SetupLight\SetupLight.vdproj", "{D717A0AF-1801-42E0-BF51-AA6DDA3ED005}"
	ProjectSection(ProjectDependencies) = postProject
		{25E24F7B-9018-4FE4-984A-908DBE3C1912} = {25E24F7B-9018-4FE4-984A-908DBE3C1912}
		{2E18E297-7876-4BFB-84B1-E04C7B50F6AC} = {2E18E297-7876-4BFB-84B1-E04C7B50F6AC}
		{E4B84E99-6F84-4B29-893F-FA05674E572F} = {E4B84E99-6F84-4B29-893F-FA05674E572F}
		{CF8A21AE-170A-4224-87AB-D61469EB6953} = {CF8A21AE-170A-4224-87AB-D61469EB6953}
		{4A2CFBF0-5536-4AE6-863F-41BF060CFF10} = {4A2CFBF0-5536-4AE6-863F-41BF060CFF10}
	EndProjectSection
EndProject
Project("{FAE04EC0-301F-11D3-BF4B-00C04F79EFBC}") = "EVEL.ExampleProjects", "EVEL.ExampleProjects\EVEL.ExampleProjects.csproj", "{FD33D6CD-47D8-4666-A70E-504FBAFCD031}"
EndProject
Global
	GlobalSection(SolutionConfigurationPlatforms) = preSolution
		Debug|Any CPU = Debug|Any CPU
		Debug|Mixed Platforms = Debug|Mixed Platforms
		Debug|Win32 = Debug|Win32
		Install_NoFrame|Any CPU = Install_NoFrame|Any CPU
		Install_NoFrame|Mixed Platforms = Install_NoFrame|Mixed Platforms
		Install_NoFrame|Win32 = Install_NoFrame|Win32
		Install|Any CPU = Install|Any CPU
		Install|Mixed Platforms = Install|Mixed Platforms
		Install|Win32 = Install|Win32
		Release|Any CPU = Release|Any CPU
		Release|Mixed Platforms = Release|Mixed Platforms
		Release|Win32 = Release|Win32
	EndGlobalSection
	GlobalSection(ProjectConfigurationPlatforms) = postSolution
		{4A2CFBF0-5536-4AE6-863F-41BF060CFF10}.Debug|Any CPU.ActiveCfg = Debug|Any CPU
		{4A2CFBF0-5536-4AE6-863F-41BF060CFF10}.Debug|Any CPU.Build.0 = Debug|Any CPU
		{4A2CFBF0-5536-4AE6-863F-41BF060CFF10}.Debug|Mixed Platforms.ActiveCfg = Debug|Any CPU
		{4A2CFBF0-5536-4AE6-863F-41BF060CFF10}.Debug|Mixed Platforms.Build.0 = Debug|Any CPU
		{4A2CFBF0-5536-4AE6-863F-41BF060CFF10}.Debug|Win32.ActiveCfg = Debug|Any CPU
		{4A2CFBF0-5536-4AE6-863F-41BF060CFF10}.Debug|Win32.Build.0 = Debug|Any CPU
		{4A2CFBF0-5536-4AE6-863F-41BF060CFF10}.Install_NoFrame|Any CPU.ActiveCfg = Install_NoFrame|Any CPU
		{4A2CFBF0-5536-4AE6-863F-41BF060CFF10}.Install_NoFrame|Any CPU.Build.0 = Install_NoFrame|Any CPU
		{4A2CFBF0-5536-4AE6-863F-41BF060CFF10}.Install_NoFrame|Mixed Platforms.ActiveCfg = Install_NoFrame|Any CPU
		{4A2CFBF0-5536-4AE6-863F-41BF060CFF10}.Install_NoFrame|Mixed Platforms.Build.0 = Install_NoFrame|Any CPU
		{4A2CFBF0-5536-4AE6-863F-41BF060CFF10}.Install_NoFrame|Win32.ActiveCfg = Install_NoFrame|Any CPU
		{4A2CFBF0-5536-4AE6-863F-41BF060CFF10}.Install_NoFrame|Win32.Build.0 = Install_NoFrame|Any CPU
		{4A2CFBF0-5536-4AE6-863F-41BF060CFF10}.Install|Any CPU.ActiveCfg = Install|Any CPU
		{4A2CFBF0-5536-4AE6-863F-41BF060CFF10}.Install|Any CPU.Build.0 = Install|Any CPU
		{4A2CFBF0-5536-4AE6-863F-41BF060CFF10}.Install|Mixed Platforms.ActiveCfg = Install|Any CPU
		{4A2CFBF0-5536-4AE6-863F-41BF060CFF10}.Install|Mixed Platforms.Build.0 = Install|Any CPU
		{4A2CFBF0-5536-4AE6-863F-41BF060CFF10}.Install|Win32.ActiveCfg = Install|Any CPU
		{4A2CFBF0-5536-4AE6-863F-41BF060CFF10}.Install|Win32.Build.0 = Install|Any CPU
		{4A2CFBF0-5536-4AE6-863F-41BF060CFF10}.Release|Any CPU.ActiveCfg = Release|Any CPU
		{4A2CFBF0-5536-4AE6-863F-41BF060CFF10}.Release|Any CPU.Build.0 = Release|Any CPU
		{4A2CFBF0-5536-4AE6-863F-41BF060CFF10}.Release|Mixed Platforms.ActiveCfg = Release|Any CPU
		{4A2CFBF0-5536-4AE6-863F-41BF060CFF10}.Release|Mixed Platforms.Build.0 = Release|Any CPU
		{4A2CFBF0-5536-4AE6-863F-41BF060CFF10}.Release|Win32.ActiveCfg = Release|Any CPU
		{4A2CFBF0-5536-4AE6-863F-41BF060CFF10}.Release|Win32.Build.0 = Release|Any CPU
		{CF8A21AE-170A-4224-87AB-D61469EB6953}.Debug|Any CPU.ActiveCfg = Debug|Any CPU
		{CF8A21AE-170A-4224-87AB-D61469EB6953}.Debug|Any CPU.Build.0 = Debug|Any CPU
		{CF8A21AE-170A-4224-87AB-D61469EB6953}.Debug|Mixed Platforms.ActiveCfg = Debug|Any CPU
		{CF8A21AE-170A-4224-87AB-D61469EB6953}.Debug|Mixed Platforms.Build.0 = Debug|Any CPU
		{CF8A21AE-170A-4224-87AB-D61469EB6953}.Debug|Win32.ActiveCfg = Debug|Any CPU
		{CF8A21AE-170A-4224-87AB-D61469EB6953}.Debug|Win32.Build.0 = Debug|Any CPU
		{CF8A21AE-170A-4224-87AB-D61469EB6953}.Install_NoFrame|Any CPU.ActiveCfg = Install_NoFrame|Any CPU
		{CF8A21AE-170A-4224-87AB-D61469EB6953}.Install_NoFrame|Any CPU.Build.0 = Install_NoFrame|Any CPU
		{CF8A21AE-170A-4224-87AB-D61469EB6953}.Install_NoFrame|Mixed Platforms.ActiveCfg = Install_NoFrame|Any CPU
		{CF8A21AE-170A-4224-87AB-D61469EB6953}.Install_NoFrame|Mixed Platforms.Build.0 = Install_NoFrame|Any CPU
		{CF8A21AE-170A-4224-87AB-D61469EB6953}.Install_NoFrame|Win32.ActiveCfg = Install_NoFrame|Any CPU
		{CF8A21AE-170A-4224-87AB-D61469EB6953}.Install_NoFrame|Win32.Build.0 = Install_NoFrame|Any CPU
		{CF8A21AE-170A-4224-87AB-D61469EB6953}.Install|Any CPU.ActiveCfg = Install|Any CPU
		{CF8A21AE-170A-4224-87AB-D61469EB6953}.Install|Any CPU.Build.0 = Install|Any CPU
		{CF8A21AE-170A-4224-87AB-D61469EB6953}.Install|Mixed Platforms.ActiveCfg = Install|Any CPU
		{CF8A21AE-170A-4224-87AB-D61469EB6953}.Install|Mixed Platforms.Build.0 = Install|Any CPU
		{CF8A21AE-170A-4224-87AB-D61469EB6953}.Install|Win32.ActiveCfg = Install|Any CPU
		{CF8A21AE-170A-4224-87AB-D61469EB6953}.Install|Win32.Build.0 = Install|Any CPU
		{CF8A21AE-170A-4224-87AB-D61469EB6953}.Release|Any CPU.ActiveCfg = Release|Any CPU
		{CF8A21AE-170A-4224-87AB-D61469EB6953}.Release|Any CPU.Build.0 = Release|Any CPU
		{CF8A21AE-170A-4224-87AB-D61469EB6953}.Release|Mixed Platforms.ActiveCfg = Release|Any CPU
		{CF8A21AE-170A-4224-87AB-D61469EB6953}.Release|Mixed Platforms.Build.0 = Release|Any CPU
		{CF8A21AE-170A-4224-87AB-D61469EB6953}.Release|Win32.ActiveCfg = Release|Any CPU
		{CF8A21AE-170A-4224-87AB-D61469EB6953}.Release|Win32.Build.0 = Release|Any CPU
		{A56DBC46-EE58-4CF7-AD26-193A46CBA4BB}.Debug|Any CPU.ActiveCfg = Debug|Any CPU
		{A56DBC46-EE58-4CF7-AD26-193A46CBA4BB}.Debug|Any CPU.Build.0 = Debug|Any CPU
		{A56DBC46-EE58-4CF7-AD26-193A46CBA4BB}.Debug|Mixed Platforms.ActiveCfg = Debug|Any CPU
		{A56DBC46-EE58-4CF7-AD26-193A46CBA4BB}.Debug|Mixed Platforms.Build.0 = Debug|Any CPU
		{A56DBC46-EE58-4CF7-AD26-193A46CBA4BB}.Debug|Win32.ActiveCfg = Debug|Any CPU
		{A56DBC46-EE58-4CF7-AD26-193A46CBA4BB}.Debug|Win32.Build.0 = Debug|Any CPU
		{A56DBC46-EE58-4CF7-AD26-193A46CBA4BB}.Install_NoFrame|Any CPU.ActiveCfg = Install_NoFrame|Any CPU
		{A56DBC46-EE58-4CF7-AD26-193A46CBA4BB}.Install_NoFrame|Any CPU.Build.0 = Install_NoFrame|Any CPU
		{A56DBC46-EE58-4CF7-AD26-193A46CBA4BB}.Install_NoFrame|Mixed Platforms.ActiveCfg = Install_NoFrame|Any CPU
		{A56DBC46-EE58-4CF7-AD26-193A46CBA4BB}.Install_NoFrame|Mixed Platforms.Build.0 = Install_NoFrame|Any CPU
		{A56DBC46-EE58-4CF7-AD26-193A46CBA4BB}.Install_NoFrame|Win32.ActiveCfg = Install_NoFrame|Any CPU
		{A56DBC46-EE58-4CF7-AD26-193A46CBA4BB}.Install_NoFrame|Win32.Build.0 = Install_NoFrame|Any CPU
		{A56DBC46-EE58-4CF7-AD26-193A46CBA4BB}.Install|Any CPU.ActiveCfg = Install|Any CPU
		{A56DBC46-EE58-4CF7-AD26-193A46CBA4BB}.Install|Any CPU.Build.0 = Install|Any CPU
		{A56DBC46-EE58-4CF7-AD26-193A46CBA4BB}.Install|Mixed Platforms.ActiveCfg = Install|Any CPU
		{A56DBC46-EE58-4CF7-AD26-193A46CBA4BB}.Install|Mixed Platforms.Build.0 = Install|Any CPU
		{A56DBC46-EE58-4CF7-AD26-193A46CBA4BB}.Install|Win32.ActiveCfg = Install|Any CPU
		{A56DBC46-EE58-4CF7-AD26-193A46CBA4BB}.Install|Win32.Build.0 = Install|Any CPU
		{A56DBC46-EE58-4CF7-AD26-193A46CBA4BB}.Release|Any CPU.ActiveCfg = Release|Any CPU
		{A56DBC46-EE58-4CF7-AD26-193A46CBA4BB}.Release|Any CPU.Build.0 = Release|Any CPU
		{A56DBC46-EE58-4CF7-AD26-193A46CBA4BB}.Release|Mixed Platforms.ActiveCfg = Release|Any CPU
		{A56DBC46-EE58-4CF7-AD26-193A46CBA4BB}.Release|Mixed Platforms.Build.0 = Release|Any CPU
		{A56DBC46-EE58-4CF7-AD26-193A46CBA4BB}.Release|Win32.ActiveCfg = Release|Any CPU
		{A56DBC46-EE58-4CF7-AD26-193A46CBA4BB}.Release|Win32.Build.0 = Release|Any CPU
		{2E18E297-7876-4BFB-84B1-E04C7B50F6AC}.Debug|Any CPU.ActiveCfg = Debug|Any CPU
		{2E18E297-7876-4BFB-84B1-E04C7B50F6AC}.Debug|Any CPU.Build.0 = Debug|Any CPU
		{2E18E297-7876-4BFB-84B1-E04C7B50F6AC}.Debug|Mixed Platforms.ActiveCfg = Debug|Any CPU
		{2E18E297-7876-4BFB-84B1-E04C7B50F6AC}.Debug|Mixed Platforms.Build.0 = Debug|Any CPU
		{2E18E297-7876-4BFB-84B1-E04C7B50F6AC}.Debug|Win32.ActiveCfg = Debug|Any CPU
		{2E18E297-7876-4BFB-84B1-E04C7B50F6AC}.Debug|Win32.Build.0 = Debug|Any CPU
		{2E18E297-7876-4BFB-84B1-E04C7B50F6AC}.Install_NoFrame|Any CPU.ActiveCfg = Install_NoFrame|Any CPU
		{2E18E297-7876-4BFB-84B1-E04C7B50F6AC}.Install_NoFrame|Any CPU.Build.0 = Install_NoFrame|Any CPU
		{2E18E297-7876-4BFB-84B1-E04C7B50F6AC}.Install_NoFrame|Mixed Platforms.ActiveCfg = Install_NoFrame|Any CPU
		{2E18E297-7876-4BFB-84B1-E04C7B50F6AC}.Install_NoFrame|Mixed Platforms.Build.0 = Install_NoFrame|Any CPU
		{2E18E297-7876-4BFB-84B1-E04C7B50F6AC}.Install_NoFrame|Win32.ActiveCfg = Install_NoFrame|Any CPU
		{2E18E297-7876-4BFB-84B1-E04C7B50F6AC}.Install_NoFrame|Win32.Build.0 = Install_NoFrame|Any CPU
		{2E18E297-7876-4BFB-84B1-E04C7B50F6AC}.Install|Any CPU.ActiveCfg = Install|Any CPU
		{2E18E297-7876-4BFB-84B1-E04C7B50F6AC}.Install|Any CPU.Build.0 = Install|Any CPU
		{2E18E297-7876-4BFB-84B1-E04C7B50F6AC}.Install|Mixed Platforms.ActiveCfg = Install|Any CPU
		{2E18E297-7876-4BFB-84B1-E04C7B50F6AC}.Install|Mixed Platforms.Build.0 = Install|Any CPU
		{2E18E297-7876-4BFB-84B1-E04C7B50F6AC}.Install|Win32.ActiveCfg = Install|Any CPU
		{2E18E297-7876-4BFB-84B1-E04C7B50F6AC}.Install|Win32.Build.0 = Install|Any CPU
		{2E18E297-7876-4BFB-84B1-E04C7B50F6AC}.Release|Any CPU.ActiveCfg = Release|Any CPU
		{2E18E297-7876-4BFB-84B1-E04C7B50F6AC}.Release|Any CPU.Build.0 = Release|Any CPU
		{2E18E297-7876-4BFB-84B1-E04C7B50F6AC}.Release|Mixed Platforms.ActiveCfg = Release|Any CPU
		{2E18E297-7876-4BFB-84B1-E04C7B50F6AC}.Release|Mixed Platforms.Build.0 = Release|Any CPU
		{2E18E297-7876-4BFB-84B1-E04C7B50F6AC}.Release|Win32.ActiveCfg = Release|Any CPU
		{2E18E297-7876-4BFB-84B1-E04C7B50F6AC}.Release|Win32.Build.0 = Release|Any CPU
		{E4B84E99-6F84-4B29-893F-FA05674E572F}.Debug|Any CPU.ActiveCfg = Debug|Any CPU
		{E4B84E99-6F84-4B29-893F-FA05674E572F}.Debug|Any CPU.Build.0 = Debug|Any CPU
		{E4B84E99-6F84-4B29-893F-FA05674E572F}.Debug|Mixed Platforms.ActiveCfg = Debug|Any CPU
		{E4B84E99-6F84-4B29-893F-FA05674E572F}.Debug|Mixed Platforms.Build.0 = Debug|Any CPU
		{E4B84E99-6F84-4B29-893F-FA05674E572F}.Debug|Win32.ActiveCfg = Debug|Any CPU
		{E4B84E99-6F84-4B29-893F-FA05674E572F}.Debug|Win32.Build.0 = Debug|Any CPU
		{E4B84E99-6F84-4B29-893F-FA05674E572F}.Install_NoFrame|Any CPU.ActiveCfg = Install_NoFrame|Any CPU
		{E4B84E99-6F84-4B29-893F-FA05674E572F}.Install_NoFrame|Any CPU.Build.0 = Install_NoFrame|Any CPU
		{E4B84E99-6F84-4B29-893F-FA05674E572F}.Install_NoFrame|Mixed Platforms.ActiveCfg = Install_NoFrame|Any CPU
		{E4B84E99-6F84-4B29-893F-FA05674E572F}.Install_NoFrame|Mixed Platforms.Build.0 = Install_NoFrame|Any CPU
		{E4B84E99-6F84-4B29-893F-FA05674E572F}.Install_NoFrame|Win32.ActiveCfg = Install_NoFrame|Any CPU
		{E4B84E99-6F84-4B29-893F-FA05674E572F}.Install_NoFrame|Win32.Build.0 = Install_NoFrame|Any CPU
		{E4B84E99-6F84-4B29-893F-FA05674E572F}.Install|Any CPU.ActiveCfg = Install|Any CPU
		{E4B84E99-6F84-4B29-893F-FA05674E572F}.Install|Any CPU.Build.0 = Install|Any CPU
		{E4B84E99-6F84-4B29-893F-FA05674E572F}.Install|Mixed Platforms.ActiveCfg = Install|Any CPU
		{E4B84E99-6F84-4B29-893F-FA05674E572F}.Install|Mixed Platforms.Build.0 = Install|Any CPU
		{E4B84E99-6F84-4B29-893F-FA05674E572F}.Install|Win32.ActiveCfg = Install|Any CPU
		{E4B84E99-6F84-4B29-893F-FA05674E572F}.Install|Win32.Build.0 = Install|Any CPU
		{E4B84E99-6F84-4B29-893F-FA05674E572F}.Release|Any CPU.ActiveCfg = Release|Any CPU
		{E4B84E99-6F84-4B29-893F-FA05674E572F}.Release|Any CPU.Build.0 = Release|Any CPU
		{E4B84E99-6F84-4B29-893F-FA05674E572F}.Release|Mixed Platforms.ActiveCfg = Release|Any CPU
		{E4B84E99-6F84-4B29-893F-FA05674E572F}.Release|Mixed Platforms.Build.0 = Release|Any CPU
		{E4B84E99-6F84-4B29-893F-FA05674E572F}.Release|Win32.ActiveCfg = Release|Any CPU
		{E4B84E99-6F84-4B29-893F-FA05674E572F}.Release|Win32.Build.0 = Release|Any CPU
		{61F9B89F-BE01-4CE5-8AF0-1EC674E2FD4E}.Debug|Any CPU.ActiveCfg = Debug|Any CPU
		{61F9B89F-BE01-4CE5-8AF0-1EC674E2FD4E}.Debug|Any CPU.Build.0 = Debug|Any CPU
		{61F9B89F-BE01-4CE5-8AF0-1EC674E2FD4E}.Debug|Mixed Platforms.ActiveCfg = Debug|Any CPU
		{61F9B89F-BE01-4CE5-8AF0-1EC674E2FD4E}.Debug|Mixed Platforms.Build.0 = Debug|Any CPU
		{61F9B89F-BE01-4CE5-8AF0-1EC674E2FD4E}.Debug|Win32.ActiveCfg = Debug|Any CPU
		{61F9B89F-BE01-4CE5-8AF0-1EC674E2FD4E}.Debug|Win32.Build.0 = Debug|Any CPU
		{61F9B89F-BE01-4CE5-8AF0-1EC674E2FD4E}.Install_NoFrame|Any CPU.ActiveCfg = Install_NoFrame|Any CPU
		{61F9B89F-BE01-4CE5-8AF0-1EC674E2FD4E}.Install_NoFrame|Any CPU.Build.0 = Install_NoFrame|Any CPU
		{61F9B89F-BE01-4CE5-8AF0-1EC674E2FD4E}.Install_NoFrame|Mixed Platforms.ActiveCfg = Install_NoFrame|Any CPU
		{61F9B89F-BE01-4CE5-8AF0-1EC674E2FD4E}.Install_NoFrame|Mixed Platforms.Build.0 = Install_NoFrame|Any CPU
		{61F9B89F-BE01-4CE5-8AF0-1EC674E2FD4E}.Install_NoFrame|Win32.ActiveCfg = Install_NoFrame|Any CPU
		{61F9B89F-BE01-4CE5-8AF0-1EC674E2FD4E}.Install_NoFrame|Win32.Build.0 = Install_NoFrame|Any CPU
		{61F9B89F-BE01-4CE5-8AF0-1EC674E2FD4E}.Install|Any CPU.ActiveCfg = Install|Any CPU
		{61F9B89F-BE01-4CE5-8AF0-1EC674E2FD4E}.Install|Any CPU.Build.0 = Install|Any CPU
		{61F9B89F-BE01-4CE5-8AF0-1EC674E2FD4E}.Install|Mixed Platforms.ActiveCfg = Install|Any CPU
		{61F9B89F-BE01-4CE5-8AF0-1EC674E2FD4E}.Install|Mixed Platforms.Build.0 = Install|Any CPU
		{61F9B89F-BE01-4CE5-8AF0-1EC674E2FD4E}.Install|Win32.ActiveCfg = Install|Any CPU
		{61F9B89F-BE01-4CE5-8AF0-1EC674E2FD4E}.Install|Win32.Build.0 = Install|Any CPU
		{61F9B89F-BE01-4CE5-8AF0-1EC674E2FD4E}.Release|Any CPU.ActiveCfg = Release|Any CPU
		{61F9B89F-BE01-4CE5-8AF0-1EC674E2FD4E}.Release|Any CPU.Build.0 = Release|Any CPU
		{61F9B89F-BE01-4CE5-8AF0-1EC674E2FD4E}.Release|Mixed Platforms.ActiveCfg = Release|Any CPU
		{61F9B89F-BE01-4CE5-8AF0-1EC674E2FD4E}.Release|Mixed Platforms.Build.0 = Release|Any CPU
		{61F9B89F-BE01-4CE5-8AF0-1EC674E2FD4E}.Release|Win32.ActiveCfg = Release|Any CPU
		{61F9B89F-BE01-4CE5-8AF0-1EC674E2FD4E}.Release|Win32.Build.0 = Release|Any CPU
		{25E24F7B-9018-4FE4-984A-908DBE3C1912}.Debug|Any CPU.ActiveCfg = Debug|Any CPU
		{25E24F7B-9018-4FE4-984A-908DBE3C1912}.Debug|Any CPU.Build.0 = Debug|Any CPU
		{25E24F7B-9018-4FE4-984A-908DBE3C1912}.Debug|Mixed Platforms.ActiveCfg = Debug|Any CPU
		{25E24F7B-9018-4FE4-984A-908DBE3C1912}.Debug|Mixed Platforms.Build.0 = Debug|Any CPU
		{25E24F7B-9018-4FE4-984A-908DBE3C1912}.Debug|Win32.ActiveCfg = Debug|Any CPU
		{25E24F7B-9018-4FE4-984A-908DBE3C1912}.Debug|Win32.Build.0 = Debug|Any CPU
		{25E24F7B-9018-4FE4-984A-908DBE3C1912}.Install_NoFrame|Any CPU.ActiveCfg = Install_NoFrame|Any CPU
		{25E24F7B-9018-4FE4-984A-908DBE3C1912}.Install_NoFrame|Any CPU.Build.0 = Install_NoFrame|Any CPU
		{25E24F7B-9018-4FE4-984A-908DBE3C1912}.Install_NoFrame|Mixed Platforms.ActiveCfg = Install_NoFrame|Any CPU
		{25E24F7B-9018-4FE4-984A-908DBE3C1912}.Install_NoFrame|Mixed Platforms.Build.0 = Install_NoFrame|Any CPU
		{25E24F7B-9018-4FE4-984A-908DBE3C1912}.Install_NoFrame|Win32.ActiveCfg = Install_NoFrame|Any CPU
		{25E24F7B-9018-4FE4-984A-908DBE3C1912}.Install_NoFrame|Win32.Build.0 = Install_NoFrame|Any CPU
		{25E24F7B-9018-4FE4-984A-908DBE3C1912}.Install|Any CPU.ActiveCfg = Install|Any CPU
		{25E24F7B-9018-4FE4-984A-908DBE3C1912}.Install|Any CPU.Build.0 = Install|Any CPU
		{25E24F7B-9018-4FE4-984A-908DBE3C1912}.Install|Mixed Platforms.ActiveCfg = Install|Any CPU
		{25E24F7B-9018-4FE4-984A-908DBE3C1912}.Install|Mixed Platforms.Build.0 = Install|Any CPU
		{25E24F7B-9018-4FE4-984A-908DBE3C1912}.Install|Win32.ActiveCfg = Install|Any CPU
		{25E24F7B-9018-4FE4-984A-908DBE3C1912}.Install|Win32.Build.0 = Install|Any CPU
		{25E24F7B-9018-4FE4-984A-908DBE3C1912}.Release|Any CPU.ActiveCfg = Release|Any CPU
		{25E24F7B-9018-4FE4-984A-908DBE3C1912}.Release|Any CPU.Build.0 = Release|Any CPU
		{25E24F7B-9018-4FE4-984A-908DBE3C1912}.Release|Mixed Platforms.ActiveCfg = Release|Any CPU
		{25E24F7B-9018-4FE4-984A-908DBE3C1912}.Release|Mixed Platforms.Build.0 = Release|Any CPU
		{25E24F7B-9018-4FE4-984A-908DBE3C1912}.Release|Win32.ActiveCfg = Release|Any CPU
		{25E24F7B-9018-4FE4-984A-908DBE3C1912}.Release|Win32.Build.0 = Release|Any CPU
		{D717A0AF-1801-42E0-BF51-AA6DDA3ED005}.Debug|Any CPU.ActiveCfg = Debug
		{D717A0AF-1801-42E0-BF51-AA6DDA3ED005}.Debug|Mixed Platforms.ActiveCfg = Debug
		{D717A0AF-1801-42E0-BF51-AA6DDA3ED005}.Debug|Win32.ActiveCfg = Debug
		{D717A0AF-1801-42E0-BF51-AA6DDA3ED005}.Install_NoFrame|Any CPU.ActiveCfg = Install_NoFrame
		{D717A0AF-1801-42E0-BF51-AA6DDA3ED005}.Install_NoFrame|Mixed Platforms.ActiveCfg = Install_NoFrame
		{D717A0AF-1801-42E0-BF51-AA6DDA3ED005}.Install_NoFrame|Mixed Platforms.Build.0 = Install_NoFrame
		{D717A0AF-1801-42E0-BF51-AA6DDA3ED005}.Install_NoFrame|Win32.ActiveCfg = Install_NoFrame
		{D717A0AF-1801-42E0-BF51-AA6DDA3ED005}.Install_NoFrame|Win32.Build.0 = Install_NoFrame
		{D717A0AF-1801-42E0-BF51-AA6DDA3ED005}.Install|Any CPU.ActiveCfg = Install
		{D717A0AF-1801-42E0-BF51-AA6DDA3ED005}.Install|Any CPU.Build.0 = Install_NoFrame
		{D717A0AF-1801-42E0-BF51-AA6DDA3ED005}.Install|Mixed Platforms.ActiveCfg = Install_NoFrame
		{D717A0AF-1801-42E0-BF51-AA6DDA3ED005}.Install|Mixed Platforms.Build.0 = Install_NoFrame
		{D717A0AF-1801-42E0-BF51-AA6DDA3ED005}.Install|Win32.ActiveCfg = Install
		{D717A0AF-1801-42E0-BF51-AA6DDA3ED005}.Install|Win32.Build.0 = Install
		{D717A0AF-1801-42E0-BF51-AA6DDA3ED005}.Release|Any CPU.ActiveCfg = Release
		{D717A0AF-1801-42E0-BF51-AA6DDA3ED005}.Release|Mixed Platforms.ActiveCfg = Release
		{D717A0AF-1801-42E0-BF51-AA6DDA3ED005}.Release|Win32.ActiveCfg = Release
		{FD33D6CD-47D8-4666-A70E-504FBAFCD031}.Debug|Any CPU.ActiveCfg = Debug|Any CPU
		{FD33D6CD-47D8-4666-A70E-504FBAFCD031}.Debug|Any CPU.Build.0 = Debug|Any CPU
		{FD33D6CD-47D8-4666-A70E-504FBAFCD031}.Debug|Mixed Platforms.ActiveCfg = Debug|Any CPU
		{FD33D6CD-47D8-4666-A70E-504FBAFCD031}.Debug|Mixed Platforms.Build.0 = Debug|Any CPU
		{FD33D6CD-47D8-4666-A70E-504FBAFCD031}.Debug|Win32.ActiveCfg = Debug|Any CPU
		{FD33D6CD-47D8-4666-A70E-504FBAFCD031}.Install_NoFrame|Any CPU.ActiveCfg = Install_NoFrame|Any CPU
		{FD33D6CD-47D8-4666-A70E-504FBAFCD031}.Install_NoFrame|Mixed Platforms.ActiveCfg = Install_NoFrame|Any CPU
		{FD33D6CD-47D8-4666-A70E-504FBAFCD031}.Install_NoFrame|Mixed Platforms.Build.0 = Install_NoFrame|Any CPU
		{FD33D6CD-47D8-4666-A70E-504FBAFCD031}.Install_NoFrame|Win32.ActiveCfg = Install_NoFrame|Any CPU
		{FD33D6CD-47D8-4666-A70E-504FBAFCD031}.Install_NoFrame|Win32.Build.0 = Install_NoFrame|Any CPU
		{FD33D6CD-47D8-4666-A70E-504FBAFCD031}.Install|Any CPU.ActiveCfg = Install|Any CPU
		{FD33D6CD-47D8-4666-A70E-504FBAFCD031}.Install|Any CPU.Build.0 = Install|Any CPU
		{FD33D6CD-47D8-4666-A70E-504FBAFCD031}.Install|Mixed Platforms.ActiveCfg = Install|Any CPU
		{FD33D6CD-47D8-4666-A70E-504FBAFCD031}.Install|Mixed Platforms.Build.0 = Install|Any CPU
		{FD33D6CD-47D8-4666-A70E-504FBAFCD031}.Install|Win32.ActiveCfg = Install|Any CPU
		{FD33D6CD-47D8-4666-A70E-504FBAFCD031}.Install|Win32.Build.0 = Install|Any CPU
		{FD33D6CD-47D8-4666-A70E-504FBAFCD031}.Release|Any CPU.ActiveCfg = Release|Any CPU
		{FD33D6CD-47D8-4666-A70E-504FBAFCD031}.Release|Any CPU.Build.0 = Release|Any CPU
		{FD33D6CD-47D8-4666-A70E-504FBAFCD031}.Release|Mixed Platforms.ActiveCfg = Release|Any CPU
		{FD33D6CD-47D8-4666-A70E-504FBAFCD031}.Release|Mixed Platforms.Build.0 = Release|Any CPU
		{FD33D6CD-47D8-4666-A70E-504FBAFCD031}.Release|Win32.ActiveCfg = Release|Any CPU
	EndGlobalSection
	GlobalSection(SolutionProperties) = preSolution
		HideSolutionNode = FALSE
	EndGlobalSection
EndGlobal
